
Microsoft Visual Studio Solution File, Format Version 12.00
# Visual Studio Version 16
VisualStudioVersion = 16.0.32002.261
MinimumVisualStudioVersion = 10.0.40219.1
Project("{9A19103F-16F7-4668-BE54-9A1E7A4F7556}") = "Morix.Json", "Morix.Json\Morix.Json.csproj", "{3089C6F7-3E36-4C5E-8810-30FE72AC6C8A}"
EndProject
Project("{9A19103F-16F7-4668-BE54-9A1E7A4F7556}") = "Morix.Json.Tests", "Morix.Json.Tests\Morix.Json.Tests.csproj", "{33C9ED7E-7DA1-408F-8F51-381CEA968B0F}"
EndProject
Project("{9A19103F-16F7-4668-BE54-9A1E7A4F7556}") = "Morix.Json.App", "Morix.Json.App\Morix.Json.App.csproj", "{EF6B89BA-C23F-485D-AD9C-39E8F99239F9}"
EndProject
Global
	GlobalSection(SolutionConfigurationPlatforms) = preSolution
		Debug|Any CPU = Debug|Any CPU
		Release|Any CPU = Release|Any CPU
	EndGlobalSection
	GlobalSection(ProjectConfigurationPlatforms) = postSolution
		{3089C6F7-3E36-4C5E-8810-30FE72AC6C8A}.Debug|Any CPU.ActiveCfg = Debug|Any CPU
		{3089C6F7-3E36-4C5E-8810-30FE72AC6C8A}.Debug|Any CPU.Build.0 = Debug|Any CPU
		{3089C6F7-3E36-4C5E-8810-30FE72AC6C8A}.Release|Any CPU.ActiveCfg = Release|Any CPU
		{3089C6F7-3E36-4C5E-8810-30FE72AC6C8A}.Release|Any CPU.Build.0 = Release|Any CPU
		{33C9ED7E-7DA1-408F-8F51-381CEA968B0F}.Debug|Any CPU.ActiveCfg = Debug|Any CPU
		{33C9ED7E-7DA1-408F-8F51-381CEA968B0F}.Debug|Any CPU.Build.0 = Debug|Any CPU
		{33C9ED7E-7DA1-408F-8F51-381CEA968B0F}.Release|Any CPU.ActiveCfg = Release|Any CPU
		{33C9ED7E-7DA1-408F-8F51-381CEA968B0F}.Release|Any CPU.Build.0 = Release|Any CPU
		{EF6B89BA-C23F-485D-AD9C-39E8F99239F9}.Debug|Any CPU.ActiveCfg = Debug|Any CPU
		{EF6B89BA-C23F-485D-AD9C-39E8F99239F9}.Debug|Any CPU.Build.0 = Debug|Any CPU
		{EF6B89BA-C23F-485D-AD9C-39E8F99239F9}.Release|Any CPU.ActiveCfg = Release|Any CPU
		{EF6B89BA-C23F-485D-AD9C-39E8F99239F9}.Release|Any CPU.Build.0 = Release|Any CPU
	EndGlobalSection
	GlobalSection(SolutionProperties) = preSolution
		HideSolutionNode = FALSE
	EndGlobalSection
	GlobalSection(ExtensibilityGlobals) = postSolution
		SolutionGuid = {10B165F5-2F4A-4656-B6FF-2B56439D4C61}
	EndGlobalSection
EndGlobal
